version = 1
revision = 3
requires-python = ">=3.11"

[[package]]
name = "adcs-fsw2"
version = "0.1.0"
source = { editable = "." }
dependencies = [
    { name = "adcs-pack" },
    { name = "metor-config" },
]

[package.metadata]
requires-dist = [
    { name = "adcs-pack", editable = "systems/adcs-systems" },
    { name = "metor-config", editable = "../../libs/metor-fsw-2/python/metor-config" },
]

[[package]]
name = "adcs-pack"
version = "0.1.0"
source = { editable = "systems/adcs-systems" }

[[package]]
name = "metor-config"
version = "0.3.0"
source = { editable = "../../libs/metor-fsw-2/python/metor-config" }
